
Microsoft Visual Studio Solution File, Format Version 12.00
# Visual Studio Version 16
VisualStudioVersion = 16.0.33130.400
MinimumVisualStudioVersion = 10.0.40219.1
Project("{FAE04EC0-301F-11D3-BF4B-00C04F79EFBC}") = "Mission 2", "Mission 2\Mission 2.csproj", "{111B5D2A-1D26-419C-BD5C-FD67E720A05F}"
EndProject
Global
	GlobalSection(SolutionConfigurationPlatforms) = preSolution
		Debug|Any CPU = Debug|Any CPU
		Release|Any CPU = Release|Any CPU
	EndGlobalSection
	GlobalSection(ProjectConfigurationPlatforms) = postSolution
		{111B5D2A-1D26-419C-BD5C-FD67E720A05F}.Debug|Any CPU.ActiveCfg = Debug|Any CPU
		{111B5D2A-1D26-419C-BD5C-FD67E720A05F}.Debug|Any CPU.Build.0 = Debug|Any CPU
		{111B5D2A-1D26-419C-BD5C-FD67E720A05F}.Release|Any CPU.ActiveCfg = Release|Any CPU
		{111B5D2A-1D26-419C-BD5C-FD67E720A05F}.Release|Any CPU.Build.0 = Release|Any CPU
	EndGlobalSection
	GlobalSection(SolutionProperties) = preSolution
		HideSolutionNode = FALSE
	EndGlobalSection
	GlobalSection(ExtensibilityGlobals) = postSolution
		SolutionGuid = {9C9BBB76-4ECA-44BA-8604-AE5D7AE41247}
	EndGlobalSection
EndGlobal
